
Microsoft Visual Studio Solution File, Format Version 12.00
# Visual Studio Version 16
VisualStudioVersion = 16.0.31005.135
MinimumVisualStudioVersion = 10.0.40219.1
Project("{FAE04EC0-301F-11D3-BF4B-00C04F79EFBC}") = "FilterBasedRouting", "FilterBasedRouting\FilterBasedRouting.csproj", "{DBFF14E0-C353-46CB-8BDA-496DFFAB7F0C}"
EndProject
Project("{FAE04EC0-301F-11D3-BF4B-00C04F79EFBC}") = "Orange", "Orange\Orange.csproj", "{3E55F13E-0B5D-48A4-91C8-5E535252A624}"
EndProject
Project("{FAE04EC0-301F-11D3-BF4B-00C04F79EFBC}") = "Black Green", "Black\Black Green.csproj", "{F0B6E0BF-A0B0-459A-A8DB-961C64C7F8C7}"
EndProject
Global
	GlobalSection(SolutionConfigurationPlatforms) = preSolution
		Debug|Any CPU = Debug|Any CPU
		Release|Any CPU = Release|Any CPU
	EndGlobalSection
	GlobalSection(ProjectConfigurationPlatforms) = postSolution
		{DBFF14E0-C353-46CB-8BDA-496DFFAB7F0C}.Debug|Any CPU.ActiveCfg = Debug|Any CPU
		{DBFF14E0-C353-46CB-8BDA-496DFFAB7F0C}.Debug|Any CPU.Build.0 = Debug|Any CPU
		{DBFF14E0-C353-46CB-8BDA-496DFFAB7F0C}.Release|Any CPU.ActiveCfg = Release|Any CPU
		{DBFF14E0-C353-46CB-8BDA-496DFFAB7F0C}.Release|Any CPU.Build.0 = Release|Any CPU
		{3E55F13E-0B5D-48A4-91C8-5E535252A624}.Debug|Any CPU.ActiveCfg = Debug|Any CPU
		{3E55F13E-0B5D-48A4-91C8-5E535252A624}.Debug|Any CPU.Build.0 = Debug|Any CPU
		{3E55F13E-0B5D-48A4-91C8-5E535252A624}.Release|Any CPU.ActiveCfg = Release|Any CPU
		{3E55F13E-0B5D-48A4-91C8-5E535252A624}.Release|Any CPU.Build.0 = Release|Any CPU
		{F0B6E0BF-A0B0-459A-A8DB-961C64C7F8C7}.Debug|Any CPU.ActiveCfg = Debug|Any CPU
		{F0B6E0BF-A0B0-459A-A8DB-961C64C7F8C7}.Debug|Any CPU.Build.0 = Debug|Any CPU
		{F0B6E0BF-A0B0-459A-A8DB-961C64C7F8C7}.Release|Any CPU.ActiveCfg = Release|Any CPU
		{F0B6E0BF-A0B0-459A-A8DB-961C64C7F8C7}.Release|Any CPU.Build.0 = Release|Any CPU
	EndGlobalSection
	GlobalSection(SolutionProperties) = preSolution
		HideSolutionNode = FALSE
	EndGlobalSection
	GlobalSection(ExtensibilityGlobals) = postSolution
		SolutionGuid = {FC5D376F-D567-4274-A02F-583453923EDF}
	EndGlobalSection
EndGlobal
